
Microsoft Visual Studio Solution File, Format Version 12.00
# Visual Studio 15
VisualStudioVersion = 15.0.27004.2009
MinimumVisualStudioVersion = 10.0.40219.1
Project("{FAE04EC0-301F-11D3-BF4B-00C04F79EFBC}") = "BankSemiFinal1", "BankSemiFinal1\BankSemiFinal1.csproj", "{74A28AED-20B3-4371-B153-A14D50E06636}"
EndProject
Global
	GlobalSection(SolutionConfigurationPlatforms) = preSolution
		Debug|Any CPU = Debug|Any CPU
		Release|Any CPU = Release|Any CPU
	EndGlobalSection
	GlobalSection(ProjectConfigurationPlatforms) = postSolution
		{74A28AED-20B3-4371-B153-A14D50E06636}.Debug|Any CPU.ActiveCfg = Debug|Any CPU
		{74A28AED-20B3-4371-B153-A14D50E06636}.Debug|Any CPU.Build.0 = Debug|Any CPU
		{74A28AED-20B3-4371-B153-A14D50E06636}.Release|Any CPU.ActiveCfg = Release|Any CPU
		{74A28AED-20B3-4371-B153-A14D50E06636}.Release|Any CPU.Build.0 = Release|Any CPU
	EndGlobalSection
	GlobalSection(SolutionProperties) = preSolution
		HideSolutionNode = FALSE
	EndGlobalSection
	GlobalSection(ExtensibilityGlobals) = postSolution
		SolutionGuid = {707CB98A-6F14-414B-9B60-6657E175A688}
	EndGlobalSection
EndGlobal
